
Microsoft Visual Studio Solution File, Format Version 12.00
# Visual Studio Version 17
VisualStudioVersion = 17.5.002.0
MinimumVisualStudioVersion = 10.0.40219.1
Project("{9A19103F-16F7-4668-BE54-9A1E7A4F7556}") = "prime", "csharp\prime.csproj", "{707BA925-3D99-4809-AECD-74C0A8ECCBE7}"
EndProject
Project("{2150E333-8FDC-42A3-9474-1A3956D46DE8}") = "csharp", "csharp", "{D601D0FC-3235-41B0-981E-3265AC3460EE}"
EndProject
Project("{2150E333-8FDC-42A3-9474-1A3956D46DE8}") = "bin", "bin", "{80E2E5DC-44C5-45CA-96EF-34F66FABD0ED}"
EndProject
Project("{2150E333-8FDC-42A3-9474-1A3956D46DE8}") = "release", "release", "{85B936AF-7826-48E6-86C2-5E3A896A2CDA}"
EndProject
Project("{2150E333-8FDC-42A3-9474-1A3956D46DE8}") = "net8.0", "net8.0", "{D42BE4F5-8BF7-4597-A833-1CD42AA0694D}"
EndProject
Project("{9A19103F-16F7-4668-BE54-9A1E7A4F7556}") = "BenchmarkDotNet.Autogenerated", "csharp\bin\release\net8.0\88f7ecc9-e888-4dc6-9d09-123a3000df3f\BenchmarkDotNet.Autogenerated.csproj", "{847AAA17-9C7C-4318-90BC-08DDE66C8CF5}"
EndProject
Global
	GlobalSection(SolutionConfigurationPlatforms) = preSolution
		Debug|Any CPU = Debug|Any CPU
		Release|Any CPU = Release|Any CPU
	EndGlobalSection
	GlobalSection(ProjectConfigurationPlatforms) = postSolution
		{707BA925-3D99-4809-AECD-74C0A8ECCBE7}.Debug|Any CPU.ActiveCfg = Debug|Any CPU
		{707BA925-3D99-4809-AECD-74C0A8ECCBE7}.Debug|Any CPU.Build.0 = Debug|Any CPU
		{707BA925-3D99-4809-AECD-74C0A8ECCBE7}.Release|Any CPU.ActiveCfg = Release|Any CPU
		{707BA925-3D99-4809-AECD-74C0A8ECCBE7}.Release|Any CPU.Build.0 = Release|Any CPU
		{847AAA17-9C7C-4318-90BC-08DDE66C8CF5}.Debug|Any CPU.ActiveCfg = Debug|Any CPU
		{847AAA17-9C7C-4318-90BC-08DDE66C8CF5}.Debug|Any CPU.Build.0 = Debug|Any CPU
		{847AAA17-9C7C-4318-90BC-08DDE66C8CF5}.Release|Any CPU.ActiveCfg = Release|Any CPU
		{847AAA17-9C7C-4318-90BC-08DDE66C8CF5}.Release|Any CPU.Build.0 = Release|Any CPU
	EndGlobalSection
	GlobalSection(SolutionProperties) = preSolution
		HideSolutionNode = FALSE
	EndGlobalSection
	GlobalSection(NestedProjects) = preSolution
		{80E2E5DC-44C5-45CA-96EF-34F66FABD0ED} = {D601D0FC-3235-41B0-981E-3265AC3460EE}
		{85B936AF-7826-48E6-86C2-5E3A896A2CDA} = {80E2E5DC-44C5-45CA-96EF-34F66FABD0ED}
		{D42BE4F5-8BF7-4597-A833-1CD42AA0694D} = {85B936AF-7826-48E6-86C2-5E3A896A2CDA}
		{847AAA17-9C7C-4318-90BC-08DDE66C8CF5} = {D42BE4F5-8BF7-4597-A833-1CD42AA0694D}
	EndGlobalSection
	GlobalSection(ExtensibilityGlobals) = postSolution
		SolutionGuid = {C5CE45B1-E30A-4BD3-9383-E83AB76F70D7}
	EndGlobalSection
EndGlobal
